
Microsoft Visual Studio Solution File, Format Version 12.00
# Visual Studio 15
VisualStudioVersion = 15.0.27428.2043
MinimumVisualStudioVersion = 10.0.40219.1
Project("{9A19103F-16F7-4668-BE54-9A1E7A4F7556}") = "cleaning_robot", "cleaning_robot\cleaning_robot.csproj", "{F302D108-D942-4865-B619-651B32DC44B6}"
EndProject
Project("{9A19103F-16F7-4668-BE54-9A1E7A4F7556}") = "Cleaning_Robot_Api", "Cleaning_Robot_Api\Cleaning_Robot_Api.csproj", "{47B0BC15-8348-499C-8E63-0686AF59D0EE}"
EndProject
Project("{9A19103F-16F7-4668-BE54-9A1E7A4F7556}") = "Cleaning_Robot_Lib", "Cleaning_Robot_Lib\Cleaning_Robot_Lib.csproj", "{43C0802E-513F-49BE-A8A8-337D793926A3}"
EndProject
Project("{9A19103F-16F7-4668-BE54-9A1E7A4F7556}") = "cleaning_robotApp_CallingApi", "cleaning_robotApp_CallingApi\cleaning_robotApp_CallingApi.csproj", "{D067CC73-34E1-40D2-8274-51FCA6D5180C}"
EndProject
Project("{FAE04EC0-301F-11D3-BF4B-00C04F79EFBC}") = "cleaning_robot_QA", "cleaning_robot_QA\cleaning_robot_QA.csproj", "{451AE415-01FB-4234-8955-1F675AA6FD77}"
EndProject
Global
	GlobalSection(SolutionConfigurationPlatforms) = preSolution
		Debug|Any CPU = Debug|Any CPU
		Release|Any CPU = Release|Any CPU
	EndGlobalSection
	GlobalSection(ProjectConfigurationPlatforms) = postSolution
		{F302D108-D942-4865-B619-651B32DC44B6}.Debug|Any CPU.ActiveCfg = Debug|Any CPU
		{F302D108-D942-4865-B619-651B32DC44B6}.Debug|Any CPU.Build.0 = Debug|Any CPU
		{F302D108-D942-4865-B619-651B32DC44B6}.Release|Any CPU.ActiveCfg = Release|Any CPU
		{F302D108-D942-4865-B619-651B32DC44B6}.Release|Any CPU.Build.0 = Release|Any CPU
		{47B0BC15-8348-499C-8E63-0686AF59D0EE}.Debug|Any CPU.ActiveCfg = Debug|Any CPU
		{47B0BC15-8348-499C-8E63-0686AF59D0EE}.Debug|Any CPU.Build.0 = Debug|Any CPU
		{47B0BC15-8348-499C-8E63-0686AF59D0EE}.Release|Any CPU.ActiveCfg = Release|Any CPU
		{47B0BC15-8348-499C-8E63-0686AF59D0EE}.Release|Any CPU.Build.0 = Release|Any CPU
		{43C0802E-513F-49BE-A8A8-337D793926A3}.Debug|Any CPU.ActiveCfg = Debug|Any CPU
		{43C0802E-513F-49BE-A8A8-337D793926A3}.Debug|Any CPU.Build.0 = Debug|Any CPU
		{43C0802E-513F-49BE-A8A8-337D793926A3}.Release|Any CPU.ActiveCfg = Release|Any CPU
		{43C0802E-513F-49BE-A8A8-337D793926A3}.Release|Any CPU.Build.0 = Release|Any CPU
		{D067CC73-34E1-40D2-8274-51FCA6D5180C}.Debug|Any CPU.ActiveCfg = Debug|Any CPU
		{D067CC73-34E1-40D2-8274-51FCA6D5180C}.Debug|Any CPU.Build.0 = Debug|Any CPU
		{D067CC73-34E1-40D2-8274-51FCA6D5180C}.Release|Any CPU.ActiveCfg = Release|Any CPU
		{D067CC73-34E1-40D2-8274-51FCA6D5180C}.Release|Any CPU.Build.0 = Release|Any CPU
		{451AE415-01FB-4234-8955-1F675AA6FD77}.Debug|Any CPU.ActiveCfg = Debug|Any CPU
		{451AE415-01FB-4234-8955-1F675AA6FD77}.Debug|Any CPU.Build.0 = Debug|Any CPU
		{451AE415-01FB-4234-8955-1F675AA6FD77}.Release|Any CPU.ActiveCfg = Release|Any CPU
		{451AE415-01FB-4234-8955-1F675AA6FD77}.Release|Any CPU.Build.0 = Release|Any CPU
	EndGlobalSection
	GlobalSection(SolutionProperties) = preSolution
		HideSolutionNode = FALSE
	EndGlobalSection
	GlobalSection(ExtensibilityGlobals) = postSolution
		SolutionGuid = {533BFA7B-328E-476C-9105-520912FFC96E}
	EndGlobalSection
EndGlobal
